// !$*UTF8*$!
{
	archiveVersion = 1;
	classes = {
	};
	objectVersion = 55;
	objects = {

/* Begin PBXBuildFile section */
		7A72805628922C7F00CF96E3 /* ProfileSettingViewModel.swift in Sources */ = {isa = PBXBuildFile; fileRef = 7A72805528922C7F00CF96E3 /* ProfileSettingViewModel.swift */; };
		7A72805728922C7F00CF96E3 /* ProfileSettingViewModel.swift in Sources */ = {isa = PBXBuildFile; fileRef = 7A72805528922C7F00CF96E3 /* ProfileSettingViewModel.swift */; };
		7A7280592892380500CF96E3 /* NoteListViewModel.swift in Sources */ = {isa = PBXBuildFile; fileRef = 7A7280582892380500CF96E3 /* NoteListViewModel.swift */; };
		7A72805A2892380500CF96E3 /* NoteListViewModel.swift in Sources */ = {isa = PBXBuildFile; fileRef = 7A7280582892380500CF96E3 /* NoteListViewModel.swift */; };
		7A7A4ED62892830B00EAB56F /* MarkdownEditorViewModel.swift in Sources */ = {isa = PBXBuildFile; fileRef = 7A7A4ED52892830B00EAB56F /* MarkdownEditorViewModel.swift */; };
		7A7A4ED72892830B00EAB56F /* MarkdownEditorViewModel.swift in Sources */ = {isa = PBXBuildFile; fileRef = 7A7A4ED52892830B00EAB56F /* MarkdownEditorViewModel.swift */; };
		7AB413FA2892677C008680C5 /* HomeViewModel.swift in Sources */ = {isa = PBXBuildFile; fileRef = 7AB413F92892677C008680C5 /* HomeViewModel.swift */; };
		7AB413FB2892677C008680C5 /* HomeViewModel.swift in Sources */ = {isa = PBXBuildFile; fileRef = 7AB413F92892677C008680C5 /* HomeViewModel.swift */; };
		7AB413FD289268DB008680C5 /* MarkdownEditorView.swift in Sources */ = {isa = PBXBuildFile; fileRef = 7AB413FC289268DB008680C5 /* MarkdownEditorView.swift */; };
		7AB413FE289268DB008680C5 /* MarkdownEditorView.swift in Sources */ = {isa = PBXBuildFile; fileRef = 7AB413FC289268DB008680C5 /* MarkdownEditorView.swift */; };
		7AB41401289277A7008680C5 /* Ink in Frameworks */ = {isa = PBXBuildFile; productRef = 7AB41400289277A7008680C5 /* Ink */; };
		7AB41404289277C8008680C5 /* Ink in Frameworks */ = {isa = PBXBuildFile; productRef = 7AB41403289277C8008680C5 /* Ink */; };
		7AB414062892787F008680C5 /* iOSPreview.swift in Sources */ = {isa = PBXBuildFile; fileRef = 7AB414052892787F008680C5 /* iOSPreview.swift */; };
		7AB414072892787F008680C5 /* iOSPreview.swift in Sources */ = {isa = PBXBuildFile; fileRef = 7AB414052892787F008680C5 /* iOSPreview.swift */; };
		7AB93643288AF3A2003F1842 /* Tests_iOS.swift in Sources */ = {isa = PBXBuildFile; fileRef = 7AB93642288AF3A2003F1842 /* Tests_iOS.swift */; };
		7AB93645288AF3A2003F1842 /* Tests_iOSLaunchTests.swift in Sources */ = {isa = PBXBuildFile; fileRef = 7AB93644288AF3A2003F1842 /* Tests_iOSLaunchTests.swift */; };
		7AB9364F288AF3A2003F1842 /* Tests_macOS.swift in Sources */ = {isa = PBXBuildFile; fileRef = 7AB9364E288AF3A2003F1842 /* Tests_macOS.swift */; };
		7AB93651288AF3A2003F1842 /* Tests_macOSLaunchTests.swift in Sources */ = {isa = PBXBuildFile; fileRef = 7AB93650288AF3A2003F1842 /* Tests_macOSLaunchTests.swift */; };
		7AB93652288AF3A2003F1842 /* ZhaoCiApp.swift in Sources */ = {isa = PBXBuildFile; fileRef = 7AB9362A288AF39C003F1842 /* ZhaoCiApp.swift */; };
		7AB93653288AF3A2003F1842 /* ZhaoCiApp.swift in Sources */ = {isa = PBXBuildFile; fileRef = 7AB9362A288AF39C003F1842 /* ZhaoCiApp.swift */; };
		7AB93654288AF3A2003F1842 /* ContentView.swift in Sources */ = {isa = PBXBuildFile; fileRef = 7AB9362B288AF39C003F1842 /* ContentView.swift */; };
		7AB93655288AF3A2003F1842 /* ContentView.swift in Sources */ = {isa = PBXBuildFile; fileRef = 7AB9362B288AF39C003F1842 /* ContentView.swift */; };
		7AB93656288AF3A2003F1842 /* Assets.xcassets in Resources */ = {isa = PBXBuildFile; fileRef = 7AB9362C288AF3A1003F1842 /* Assets.xcassets */; };
		7AB93657288AF3A2003F1842 /* Assets.xcassets in Resources */ = {isa = PBXBuildFile; fileRef = 7AB9362C288AF3A1003F1842 /* Assets.xcassets */; };
		7AB9DCF728912B3400EEBAA3 /* HomeView.swift in Sources */ = {isa = PBXBuildFile; fileRef = 7AB9DCF628912B3400EEBAA3 /* HomeView.swift */; };
		7AB9DCF828912B3400EEBAA3 /* HomeView.swift in Sources */ = {isa = PBXBuildFile; fileRef = 7AB9DCF628912B3400EEBAA3 /* HomeView.swift */; };
		7AB9DCFA28912B9500EEBAA3 /* SettingsView.swift in Sources */ = {isa = PBXBuildFile; fileRef = 7AB9DCF928912B9500EEBAA3 /* SettingsView.swift */; };
		7AB9DCFB28912B9500EEBAA3 /* SettingsView.swift in Sources */ = {isa = PBXBuildFile; fileRef = 7AB9DCF928912B9500EEBAA3 /* SettingsView.swift */; };
		7AB9DCFD28912BAF00EEBAA3 /* NoteListView.swift in Sources */ = {isa = PBXBuildFile; fileRef = 7AB9DCFC28912BAE00EEBAA3 /* NoteListView.swift */; };
		7AB9DCFE28912BAF00EEBAA3 /* NoteListView.swift in Sources */ = {isa = PBXBuildFile; fileRef = 7AB9DCFC28912BAE00EEBAA3 /* NoteListView.swift */; };
		7AB9DD0028912C0600EEBAA3 /* TabItemView.swift in Sources */ = {isa = PBXBuildFile; fileRef = 7AB9DCFF28912C0600EEBAA3 /* TabItemView.swift */; };
		7AB9DD0128912C0600EEBAA3 /* TabItemView.swift in Sources */ = {isa = PBXBuildFile; fileRef = 7AB9DCFF28912C0600EEBAA3 /* TabItemView.swift */; };
		7AB9DD032891395200EEBAA3 /* BorderedViewModifiy.swift in Sources */ = {isa = PBXBuildFile; fileRef = 7AB9DD022891395200EEBAA3 /* BorderedViewModifiy.swift */; };
		7AB9DD042891395200EEBAA3 /* BorderedViewModifiy.swift in Sources */ = {isa = PBXBuildFile; fileRef = 7AB9DD022891395200EEBAA3 /* BorderedViewModifiy.swift */; };
		7AB9DD0628916F8400EEBAA3 /* ProfileSettingView.swift in Sources */ = {isa = PBXBuildFile; fileRef = 7AB9DD0528916F8400EEBAA3 /* ProfileSettingView.swift */; };
		7AB9DD0728916F8400EEBAA3 /* ProfileSettingView.swift in Sources */ = {isa = PBXBuildFile; fileRef = 7AB9DD0528916F8400EEBAA3 /* ProfileSettingView.swift */; };
		7AB9DD092891759000EEBAA3 /* AvatarView.swift in Sources */ = {isa = PBXBuildFile; fileRef = 7AB9DD082891759000EEBAA3 /* AvatarView.swift */; };
		7AB9DD0A2891759000EEBAA3 /* AvatarView.swift in Sources */ = {isa = PBXBuildFile; fileRef = 7AB9DD082891759000EEBAA3 /* AvatarView.swift */; };
/* End PBXBuildFile section */

/* Begin PBXContainerItemProxy section */
		7AB9363F288AF3A2003F1842 /* PBXContainerItemProxy */ = {
			isa = PBXContainerItemProxy;
			containerPortal = 7AB93625288AF39C003F1842 /* Project object */;
			proxyType = 1;
			remoteGlobalIDString = 7AB93630288AF3A1003F1842;
			remoteInfo = "ZhaoCi (iOS)";
		};
		7AB9364B288AF3A2003F1842 /* PBXContainerItemProxy */ = {
			isa = PBXContainerItemProxy;
			containerPortal = 7AB93625288AF39C003F1842 /* Project object */;
			proxyType = 1;
			remoteGlobalIDString = 7AB93636288AF3A1003F1842;
			remoteInfo = "ZhaoCi (macOS)";
		};
/* End PBXContainerItemProxy section */

/* Begin PBXFileReference section */
		7A72805528922C7F00CF96E3 /* ProfileSettingViewModel.swift */ = {isa = PBXFileReference; lastKnownFileType = sourcecode.swift; path = ProfileSettingViewModel.swift; sourceTree = "<group>"; };
		7A7280582892380500CF96E3 /* NoteListViewModel.swift */ = {isa = PBXFileReference; lastKnownFileType = sourcecode.swift; path = NoteListViewModel.swift; sourceTree = "<group>"; };
		7A7A4ED52892830B00EAB56F /* MarkdownEditorViewModel.swift */ = {isa = PBXFileReference; lastKnownFileType = sourcecode.swift; path = MarkdownEditorViewModel.swift; sourceTree = "<group>"; };
		7AB413F92892677C008680C5 /* HomeViewModel.swift */ = {isa = PBXFileReference; lastKnownFileType = sourcecode.swift; path = HomeViewModel.swift; sourceTree = "<group>"; };
		7AB413FC289268DB008680C5 /* MarkdownEditorView.swift */ = {isa = PBXFileReference; lastKnownFileType = sourcecode.swift; path = MarkdownEditorView.swift; sourceTree = "<group>"; };
		7AB414052892787F008680C5 /* iOSPreview.swift */ = {isa = PBXFileReference; lastKnownFileType = sourcecode.swift; path = iOSPreview.swift; sourceTree = "<group>"; };
		7AB9362A288AF39C003F1842 /* ZhaoCiApp.swift */ = {isa = PBXFileReference; lastKnownFileType = sourcecode.swift; path = ZhaoCiApp.swift; sourceTree = "<group>"; };
		7AB9362B288AF39C003F1842 /* ContentView.swift */ = {isa = PBXFileReference; lastKnownFileType = sourcecode.swift; path = ContentView.swift; sourceTree = "<group>"; };
		7AB9362C288AF3A1003F1842 /* Assets.xcassets */ = {isa = PBXFileReference; lastKnownFileType = folder.assetcatalog; path = Assets.xcassets; sourceTree = "<group>"; };
		7AB93631288AF3A1003F1842 /* ZhaoCi.app */ = {isa = PBXFileReference; explicitFileType = wrapper.application; includeInIndex = 0; path = ZhaoCi.app; sourceTree = BUILT_PRODUCTS_DIR; };
		7AB93637288AF3A1003F1842 /* ZhaoCi.app */ = {isa = PBXFileReference; explicitFileType = wrapper.application; includeInIndex = 0; path = ZhaoCi.app; sourceTree = BUILT_PRODUCTS_DIR; };
		7AB93639288AF3A1003F1842 /* macOS.entitlements */ = {isa = PBXFileReference; lastKnownFileType = text.plist.entitlements; path = macOS.entitlements; sourceTree = "<group>"; };
		7AB9363E288AF3A2003F1842 /* Tests iOS.xctest */ = {isa = PBXFileReference; explicitFileType = wrapper.cfbundle; includeInIndex = 0; path = "Tests iOS.xctest"; sourceTree = BUILT_PRODUCTS_DIR; };
		7AB93642288AF3A2003F1842 /* Tests_iOS.swift */ = {isa = PBXFileReference; lastKnownFileType = sourcecode.swift; path = Tests_iOS.swift; sourceTree = "<group>"; };
		7AB93644288AF3A2003F1842 /* Tests_iOSLaunchTests.swift */ = {isa = PBXFileReference; lastKnownFileType = sourcecode.swift; path = Tests_iOSLaunchTests.swift; sourceTree = "<group>"; };
		7AB9364A288AF3A2003F1842 /* Tests macOS.xctest */ = {isa = PBXFileReference; explicitFileType = wrapper.cfbundle; includeInIndex = 0; path = "Tests macOS.xctest"; sourceTree = BUILT_PRODUCTS_DIR; };
		7AB9364E288AF3A2003F1842 /* Tests_macOS.swift */ = {isa = PBXFileReference; lastKnownFileType = sourcecode.swift; path = Tests_macOS.swift; sourceTree = "<group>"; };
		7AB93650288AF3A2003F1842 /* Tests_macOSLaunchTests.swift */ = {isa = PBXFileReference; lastKnownFileType = sourcecode.swift; path = Tests_macOSLaunchTests.swift; sourceTree = "<group>"; };
		7AB9DCF628912B3400EEBAA3 /* HomeView.swift */ = {isa = PBXFileReference; lastKnownFileType = sourcecode.swift; path = HomeView.swift; sourceTree = "<group>"; };
		7AB9DCF928912B9500EEBAA3 /* SettingsView.swift */ = {isa = PBXFileReference; lastKnownFileType = sourcecode.swift; path = SettingsView.swift; sourceTree = "<group>"; };
		7AB9DCFC28912BAE00EEBAA3 /* NoteListView.swift */ = {isa = PBXFileReference; lastKnownFileType = sourcecode.swift; path = NoteListView.swift; sourceTree = "<group>"; };
		7AB9DCFF28912C0600EEBAA3 /* TabItemView.swift */ = {isa = PBXFileReference; lastKnownFileType = sourcecode.swift; path = TabItemView.swift; sourceTree = "<group>"; };
		7AB9DD022891395200EEBAA3 /* BorderedViewModifiy.swift */ = {isa = PBXFileReference; lastKnownFileType = sourcecode.swift; path = BorderedViewModifiy.swift; sourceTree = "<group>"; };
		7AB9DD0528916F8400EEBAA3 /* ProfileSettingView.swift */ = {isa = PBXFileReference; lastKnownFileType = sourcecode.swift; path = ProfileSettingView.swift; sourceTree = "<group>"; };
		7AB9DD082891759000EEBAA3 /* AvatarView.swift */ = {isa = PBXFileReference; lastKnownFileType = sourcecode.swift; path = AvatarView.swift; sourceTree = "<group>"; };
/* End PBXFileReference section */

/* Begin PBXFrameworksBuildPhase section */
		7AB9362E288AF3A1003F1842 /* Frameworks */ = {
			isa = PBXFrameworksBuildPhase;
			buildActionMask = 2147483647;
			files = (
				7AB41401289277A7008680C5 /* Ink in Frameworks */,
			);
			runOnlyForDeploymentPostprocessing = 0;
		};
		7AB93634288AF3A1003F1842 /* Frameworks */ = {
			isa = PBXFrameworksBuildPhase;
			buildActionMask = 2147483647;
			files = (
				7AB41404289277C8008680C5 /* Ink in Frameworks */,
			);
			runOnlyForDeploymentPostprocessing = 0;
		};
		7AB9363B288AF3A2003F1842 /* Frameworks */ = {
			isa = PBXFrameworksBuildPhase;
			buildActionMask = 2147483647;
			files = (
			);
			runOnlyForDeploymentPostprocessing = 0;
		};
		7AB93647288AF3A2003F1842 /* Frameworks */ = {
			isa = PBXFrameworksBuildPhase;
			buildActionMask = 2147483647;
			files = (
			);
			runOnlyForDeploymentPostprocessing = 0;
		};
/* End PBXFrameworksBuildPhase section */

/* Begin PBXGroup section */
		7A7A4ED82893B54B00EAB56F /* Utils */ = {
			isa = PBXGroup;
			children = (
			);
			path = Utils;
			sourceTree = "<group>";
		};
		7AB41402289277C8008680C5 /* Frameworks */ = {
			isa = PBXGroup;
			children = (
			);
			name = Frameworks;
			sourceTree = "<group>";
		};
		7AB93624288AF39C003F1842 = {
			isa = PBXGroup;
			children = (
				7AB93629288AF39C003F1842 /* Shared */,
				7AB93638288AF3A1003F1842 /* macOS */,
				7AB93641288AF3A2003F1842 /* Tests iOS */,
				7AB9364D288AF3A2003F1842 /* Tests macOS */,
				7AB93632288AF3A1003F1842 /* Products */,
				7AB41402289277C8008680C5 /* Frameworks */,
			);
			sourceTree = "<group>";
		};
		7AB93629288AF39C003F1842 /* Shared */ = {
			isa = PBXGroup;
			children = (
				7A7A4ED82893B54B00EAB56F /* Utils */,
				7AB9362A288AF39C003F1842 /* ZhaoCiApp.swift */,
				7AB9DCF628912B3400EEBAA3 /* HomeView.swift */,
				7AB9362B288AF39C003F1842 /* ContentView.swift */,
				7AB9362C288AF3A1003F1842 /* Assets.xcassets */,
				7AB9DCF928912B9500EEBAA3 /* SettingsView.swift */,
				7AB9DCFC28912BAE00EEBAA3 /* NoteListView.swift */,
				7AB9DCFF28912C0600EEBAA3 /* TabItemView.swift */,
				7AB9DD022891395200EEBAA3 /* BorderedViewModifiy.swift */,
				7AB9DD0528916F8400EEBAA3 /* ProfileSettingView.swift */,
				7AB9DD082891759000EEBAA3 /* AvatarView.swift */,
				7A72805528922C7F00CF96E3 /* ProfileSettingViewModel.swift */,
				7A7280582892380500CF96E3 /* NoteListViewModel.swift */,
				7AB413F92892677C008680C5 /* HomeViewModel.swift */,
				7AB413FC289268DB008680C5 /* MarkdownEditorView.swift */,
				7AB414052892787F008680C5 /* iOSPreview.swift */,
				7A7A4ED52892830B00EAB56F /* MarkdownEditorViewModel.swift */,
			);
			path = Shared;
			sourceTree = "<group>";
		};
		7AB93632288AF3A1003F1842 /* Products */ = {
			isa = PBXGroup;
			children = (
				7AB93631288AF3A1003F1842 /* ZhaoCi.app */,
				7AB93637288AF3A1003F1842 /* ZhaoCi.app */,
				7AB9363E288AF3A2003F1842 /* Tests iOS.xctest */,
				7AB9364A288AF3A2003F1842 /* Tests macOS.xctest */,
			);
			name = Products;
			sourceTree = "<group>";
		};
		7AB93638288AF3A1003F1842 /* macOS */ = {
			isa = PBXGroup;
			children = (
				7AB93639288AF3A1003F1842 /* macOS.entitlements */,
			);
			path = macOS;
			sourceTree = "<group>";
		};
		7AB93641288AF3A2003F1842 /* Tests iOS */ = {
			isa = PBXGroup;
			children = (
				7AB93642288AF3A2003F1842 /* Tests_iOS.swift */,
				7AB93644288AF3A2003F1842 /* Tests_iOSLaunchTests.swift */,
			);
			path = "Tests iOS";
			sourceTree = "<group>";
		};
		7AB9364D288AF3A2003F1842 /* Tests macOS */ = {
			isa = PBXGroup;
			children = (
				7AB9364E288AF3A2003F1842 /* Tests_macOS.swift */,
				7AB93650288AF3A2003F1842 /* Tests_macOSLaunchTests.swift */,
			);
			path = "Tests macOS";
			sourceTree = "<group>";
		};
/* End PBXGroup section */

/* Begin PBXNativeTarget section */
		7AB93630288AF3A1003F1842 /* ZhaoCi (iOS) */ = {
			isa = PBXNativeTarget;
			buildConfigurationList = 7AB9365A288AF3A2003F1842 /* Build configuration list for PBXNativeTarget "ZhaoCi (iOS)" */;
			buildPhases = (
				7AB9362D288AF3A1003F1842 /* Sources */,
				7AB9362E288AF3A1003F1842 /* Frameworks */,
				7AB9362F288AF3A1003F1842 /* Resources */,
			);
			buildRules = (
			);
			dependencies = (
			);
			name = "ZhaoCi (iOS)";
			packageProductDependencies = (
				7AB41400289277A7008680C5 /* Ink */,
			);
			productName = "ZhaoCi (iOS)";
			productReference = 7AB93631288AF3A1003F1842 /* ZhaoCi.app */;
			productType = "com.apple.product-type.application";
		};
		7AB93636288AF3A1003F1842 /* ZhaoCi (macOS) */ = {
			isa = PBXNativeTarget;
			buildConfigurationList = 7AB9365D288AF3A2003F1842 /* Build configuration list for PBXNativeTarget "ZhaoCi (macOS)" */;
			buildPhases = (
				7AB93633288AF3A1003F1842 /* Sources */,
				7AB93634288AF3A1003F1842 /* Frameworks */,
				7AB93635288AF3A1003F1842 /* Resources */,
			);
			buildRules = (
			);
			dependencies = (
			);
			name = "ZhaoCi (macOS)";
			packageProductDependencies = (
				7AB41403289277C8008680C5 /* Ink */,
			);
			productName = "ZhaoCi (macOS)";
			productReference = 7AB93637288AF3A1003F1842 /* ZhaoCi.app */;
			productType = "com.apple.product-type.application";
		};
		7AB9363D288AF3A2003F1842 /* Tests iOS */ = {
			isa = PBXNativeTarget;
			buildConfigurationList = 7AB93660288AF3A2003F1842 /* Build configuration list for PBXNativeTarget "Tests iOS" */;
			buildPhases = (
				7AB9363A288AF3A2003F1842 /* Sources */,
				7AB9363B288AF3A2003F1842 /* Frameworks */,
				7AB9363C288AF3A2003F1842 /* Resources */,
			);
			buildRules = (
			);
			dependencies = (
				7AB93640288AF3A2003F1842 /* PBXTargetDependency */,
			);
			name = "Tests iOS";
			productName = "Tests iOS";
			productReference = 7AB9363E288AF3A2003F1842 /* Tests iOS.xctest */;
			productType = "com.apple.product-type.bundle.ui-testing";
		};
		7AB93649288AF3A2003F1842 /* Tests macOS */ = {
			isa = PBXNativeTarget;
			buildConfigurationList = 7AB93663288AF3A2003F1842 /* Build configuration list for PBXNativeTarget "Tests macOS" */;
			buildPhases = (
				7AB93646288AF3A2003F1842 /* Sources */,
				7AB93647288AF3A2003F1842 /* Frameworks */,
				7AB93648288AF3A2003F1842 /* Resources */,
			);
			buildRules = (
			);
			dependencies = (
				7AB9364C288AF3A2003F1842 /* PBXTargetDependency */,
			);
			name = "Tests macOS";
			productName = "Tests macOS";
			productReference = 7AB9364A288AF3A2003F1842 /* Tests macOS.xctest */;
			productType = "com.apple.product-type.bundle.ui-testing";
		};
/* End PBXNativeTarget section */

/* Begin PBXProject section */
		7AB93625288AF39C003F1842 /* Project object */ = {
			isa = PBXProject;
			attributes = {
				BuildIndependentTargetsInParallel = 1;
				LastSwiftUpdateCheck = 1330;
				LastUpgradeCheck = 1330;
				TargetAttributes = {
					7AB93630288AF3A1003F1842 = {
						CreatedOnToolsVersion = 13.3;
					};
					7AB93636288AF3A1003F1842 = {
						CreatedOnToolsVersion = 13.3;
					};
					7AB9363D288AF3A2003F1842 = {
						CreatedOnToolsVersion = 13.3;
						TestTargetID = 7AB93630288AF3A1003F1842;
					};
					7AB93649288AF3A2003F1842 = {
						CreatedOnToolsVersion = 13.3;
						TestTargetID = 7AB93636288AF3A1003F1842;
					};
				};
			};
			buildConfigurationList = 7AB93628288AF39C003F1842 /* Build configuration list for PBXProject "ZhaoCi" */;
			compatibilityVersion = "Xcode 13.0";
			developmentRegion = en;
			hasScannedForEncodings = 0;
			knownRegions = (
				en,
				Base,
			);
			mainGroup = 7AB93624288AF39C003F1842;
			packageReferences = (
				7AB413FF289277A7008680C5 /* XCRemoteSwiftPackageReference "ink" */,
			);
			productRefGroup = 7AB93632288AF3A1003F1842 /* Products */;
			projectDirPath = "";
			projectRoot = "";
			targets = (
				7AB93630288AF3A1003F1842 /* ZhaoCi (iOS) */,
				7AB93636288AF3A1003F1842 /* ZhaoCi (macOS) */,
				7AB9363D288AF3A2003F1842 /* Tests iOS */,
				7AB93649288AF3A2003F1842 /* Tests macOS */,
			);
		};
/* End PBXProject section */

/* Begin PBXResourcesBuildPhase section */
		7AB9362F288AF3A1003F1842 /* Resources */ = {
			isa = PBXResourcesBuildPhase;
			buildActionMask = 2147483647;
			files = (
				7AB93656288AF3A2003F1842 /* Assets.xcassets in Resources */,
			);
			runOnlyForDeploymentPostprocessing = 0;
		};
		7AB93635288AF3A1003F1842 /* Resources */ = {
			isa = PBXResourcesBuildPhase;
			buildActionMask = 2147483647;
			files = (
				7AB93657288AF3A2003F1842 /* Assets.xcassets in Resources */,
			);
			runOnlyForDeploymentPostprocessing = 0;
		};
		7AB9363C288AF3A2003F1842 /* Resources */ = {
			isa = PBXResourcesBuildPhase;
			buildActionMask = 2147483647;
			files = (
			);
			runOnlyForDeploymentPostprocessing = 0;
		};
		7AB93648288AF3A2003F1842 /* Resources */ = {
			isa = PBXResourcesBuildPhase;
			buildActionMask = 2147483647;
			files = (
			);
			runOnlyForDeploymentPostprocessing = 0;
		};
/* End PBXResourcesBuildPhase section */

/* Begin PBXSourcesBuildPhase section */
		7AB9362D288AF3A1003F1842 /* Sources */ = {
			isa = PBXSourcesBuildPhase;
			buildActionMask = 2147483647;
			files = (
				7AB9DCF728912B3400EEBAA3 /* HomeView.swift in Sources */,
				7AB9DD092891759000EEBAA3 /* AvatarView.swift in Sources */,
				7AB414062892787F008680C5 /* iOSPreview.swift in Sources */,
				7AB9DCFA28912B9500EEBAA3 /* SettingsView.swift in Sources */,
				7A72805628922C7F00CF96E3 /* ProfileSettingViewModel.swift in Sources */,
				7A7A4ED62892830B00EAB56F /* MarkdownEditorViewModel.swift in Sources */,
				7AB9DD032891395200EEBAA3 /* BorderedViewModifiy.swift in Sources */,
				7AB9DCFD28912BAF00EEBAA3 /* NoteListView.swift in Sources */,
				7AB9DD0028912C0600EEBAA3 /* TabItemView.swift in Sources */,
				7AB413FA2892677C008680C5 /* HomeViewModel.swift in Sources */,
				7AB413FD289268DB008680C5 /* MarkdownEditorView.swift in Sources */,
				7AB9DD0628916F8400EEBAA3 /* ProfileSettingView.swift in Sources */,
				7AB93654288AF3A2003F1842 /* ContentView.swift in Sources */,
				7A7280592892380500CF96E3 /* NoteListViewModel.swift in Sources */,
				7AB93652288AF3A2003F1842 /* ZhaoCiApp.swift in Sources */,
			);
			runOnlyForDeploymentPostprocessing = 0;
		};
		7AB93633288AF3A1003F1842 /* Sources */ = {
			isa = PBXSourcesBuildPhase;
			buildActionMask = 2147483647;
			files = (
				7AB9DCF828912B3400EEBAA3 /* HomeView.swift in Sources */,
				7AB9DD0A2891759000EEBAA3 /* AvatarView.swift in Sources */,
				7AB414072892787F008680C5 /* iOSPreview.swift in Sources */,
				7AB9DCFB28912B9500EEBAA3 /* SettingsView.swift in Sources */,
				7A72805728922C7F00CF96E3 /* ProfileSettingViewModel.swift in Sources */,
				7A7A4ED72892830B00EAB56F /* MarkdownEditorViewModel.swift in Sources */,
				7AB9DD042891395200EEBAA3 /* BorderedViewModifiy.swift in Sources */,
				7AB9DCFE28912BAF00EEBAA3 /* NoteListView.swift in Sources */,
				7AB9DD0128912C0600EEBAA3 /* TabItemView.swift in Sources */,
				7AB413FB2892677C008680C5 /* HomeViewModel.swift in Sources */,
				7AB413FE289268DB008680C5 /* MarkdownEditorView.swift in Sources */,
				7AB9DD0728916F8400EEBAA3 /* ProfileSettingView.swift in Sources */,
				7AB93655288AF3A2003F1842 /* ContentView.swift in Sources */,
				7A72805A2892380500CF96E3 /* NoteListViewModel.swift in Sources */,
				7AB93653288AF3A2003F1842 /* ZhaoCiApp.swift in Sources */,
			);
			runOnlyForDeploymentPostprocessing = 0;
		};
		7AB9363A288AF3A2003F1842 /* Sources */ = {
			isa = PBXSourcesBuildPhase;
			buildActionMask = 2147483647;
			files = (
				7AB93645288AF3A2003F1842 /* Tests_iOSLaunchTests.swift in Sources */,
				7AB93643288AF3A2003F1842 /* Tests_iOS.swift in Sources */,
			);
			runOnlyForDeploymentPostprocessing = 0;
		};
		7AB93646288AF3A2003F1842 /* Sources */ = {
			isa = PBXSourcesBuildPhase;
			buildActionMask = 2147483647;
			files = (
				7AB93651288AF3A2003F1842 /* Tests_macOSLaunchTests.swift in Sources */,
				7AB9364F288AF3A2003F1842 /* Tests_macOS.swift in Sources */,
			);
			runOnlyForDeploymentPostprocessing = 0;
		};
/* End PBXSourcesBuildPhase section */

/* Begin PBXTargetDependency section */
		7AB93640288AF3A2003F1842 /* PBXTargetDependency */ = {
			isa = PBXTargetDependency;
			target = 7AB93630288AF3A1003F1842 /* ZhaoCi (iOS) */;
			targetProxy = 7AB9363F288AF3A2003F1842 /* PBXContainerItemProxy */;
		};
		7AB9364C288AF3A2003F1842 /* PBXTargetDependency */ = {
			isa = PBXTargetDependency;
			target = 7AB93636288AF3A1003F1842 /* ZhaoCi (macOS) */;
			targetProxy = 7AB9364B288AF3A2003F1842 /* PBXContainerItemProxy */;
		};
/* End PBXTargetDependency section */

/* Begin XCBuildConfiguration section */
		7AB93658288AF3A2003F1842 /* Debug */ = {
			isa = XCBuildConfiguration;
			buildSettings = {
				ALWAYS_SEARCH_USER_PATHS = NO;
				CLANG_ANALYZER_NONNULL = YES;
				CLANG_ANALYZER_NUMBER_OBJECT_CONVERSION = YES_AGGRESSIVE;
				CLANG_CXX_LANGUAGE_STANDARD = "gnu++17";
				CLANG_ENABLE_MODULES = YES;
				CLANG_ENABLE_OBJC_ARC = YES;
				CLANG_ENABLE_OBJC_WEAK = YES;
				CLANG_WARN_BLOCK_CAPTURE_AUTORELEASING = YES;
				CLANG_WARN_BOOL_CONVERSION = YES;
				CLANG_WARN_COMMA = YES;
				CLANG_WARN_CONSTANT_CONVERSION = YES;
				CLANG_WARN_DEPRECATED_OBJC_IMPLEMENTATIONS = YES;
				CLANG_WARN_DIRECT_OBJC_ISA_USAGE = YES_ERROR;
				CLANG_WARN_DOCUMENTATION_COMMENTS = YES;
				CLANG_WARN_EMPTY_BODY = YES;
				CLANG_WARN_ENUM_CONVERSION = YES;
				CLANG_WARN_INFINITE_RECURSION = YES;
				CLANG_WARN_INT_CONVERSION = YES;
				CLANG_WARN_NON_LITERAL_NULL_CONVERSION = YES;
				CLANG_WARN_OBJC_IMPLICIT_RETAIN_SELF = YES;
				CLANG_WARN_OBJC_LITERAL_CONVERSION = YES;
				CLANG_WARN_OBJC_ROOT_CLASS = YES_ERROR;
				CLANG_WARN_QUOTED_INCLUDE_IN_FRAMEWORK_HEADER = YES;
				CLANG_WARN_RANGE_LOOP_ANALYSIS = YES;
				CLANG_WARN_STRICT_PROTOTYPES = YES;
				CLANG_WARN_SUSPICIOUS_MOVE = YES;
				CLANG_WARN_UNGUARDED_AVAILABILITY = YES_AGGRESSIVE;
				CLANG_WARN_UNREACHABLE_CODE = YES;
				CLANG_WARN__DUPLICATE_METHOD_MATCH = YES;
				COPY_PHASE_STRIP = NO;
				DEBUG_INFORMATION_FORMAT = dwarf;
				ENABLE_STRICT_OBJC_MSGSEND = YES;
				ENABLE_TESTABILITY = YES;
				GCC_C_LANGUAGE_STANDARD = gnu11;
				GCC_DYNAMIC_NO_PIC = NO;
				GCC_NO_COMMON_BLOCKS = YES;
				GCC_OPTIMIZATION_LEVEL = 0;
				GCC_PREPROCESSOR_DEFINITIONS = (
					"DEBUG=1",
					"$(inherited)",
				);
				GCC_WARN_64_TO_32_BIT_CONVERSION = YES;
				GCC_WARN_ABOUT_RETURN_TYPE = YES_ERROR;
				GCC_WARN_UNDECLARED_SELECTOR = YES;
				GCC_WARN_UNINITIALIZED_AUTOS = YES_AGGRESSIVE;
				GCC_WARN_UNUSED_FUNCTION = YES;
				GCC_WARN_UNUSED_VARIABLE = YES;
				MTL_ENABLE_DEBUG_INFO = INCLUDE_SOURCE;
				MTL_FAST_MATH = YES;
				ONLY_ACTIVE_ARCH = YES;
				SWIFT_ACTIVE_COMPILATION_CONDITIONS = DEBUG;
				SWIFT_OPTIMIZATION_LEVEL = "-Onone";
			};
			name = Debug;
		};
		7AB93659288AF3A2003F1842 /* Release */ = {
			isa = XCBuildConfiguration;
			buildSettings = {
				ALWAYS_SEARCH_USER_PATHS = NO;
				CLANG_ANALYZER_NONNULL = YES;
				CLANG_ANALYZER_NUMBER_OBJECT_CONVERSION = YES_AGGRESSIVE;
				CLANG_CXX_LANGUAGE_STANDARD = "gnu++17";
				CLANG_ENABLE_MODULES = YES;
				CLANG_ENABLE_OBJC_ARC = YES;
				CLANG_ENABLE_OBJC_WEAK = YES;
				CLANG_WARN_BLOCK_CAPTURE_AUTORELEASING = YES;
				CLANG_WARN_BOOL_CONVERSION = YES;
				CLANG_WARN_COMMA = YES;
				CLANG_WARN_CONSTANT_CONVERSION = YES;
				CLANG_WARN_DEPRECATED_OBJC_IMPLEMENTATIONS = YES;
				CLANG_WARN_DIRECT_OBJC_ISA_USAGE = YES_ERROR;
				CLANG_WARN_DOCUMENTATION_COMMENTS = YES;
				CLANG_WARN_EMPTY_BODY = YES;
				CLANG_WARN_ENUM_CONVERSION = YES;
				CLANG_WARN_INFINITE_RECURSION = YES;
				CLANG_WARN_INT_CONVERSION = YES;
				CLANG_WARN_NON_LITERAL_NULL_CONVERSION = YES;
				CLANG_WARN_OBJC_IMPLICIT_RETAIN_SELF = YES;
				CLANG_WARN_OBJC_LITERAL_CONVERSION = YES;
				CLANG_WARN_OBJC_ROOT_CLASS = YES_ERROR;
				CLANG_WARN_QUOTED_INCLUDE_IN_FRAMEWORK_HEADER = YES;
				CLANG_WARN_RANGE_LOOP_ANALYSIS = YES;
				CLANG_WARN_STRICT_PROTOTYPES = YES;
				CLANG_WARN_SUSPICIOUS_MOVE = YES;
				CLANG_WARN_UNGUARDED_AVAILABILITY = YES_AGGRESSIVE;
				CLANG_WARN_UNREACHABLE_CODE = YES;
				CLANG_WARN__DUPLICATE_METHOD_MATCH = YES;
				COPY_PHASE_STRIP = NO;
				DEBUG_INFORMATION_FORMAT = "dwarf-with-dsym";
				ENABLE_NS_ASSERTIONS = NO;
				ENABLE_STRICT_OBJC_MSGSEND = YES;
				GCC_C_LANGUAGE_STANDARD = gnu11;
				GCC_NO_COMMON_BLOCKS = YES;
				GCC_WARN_64_TO_32_BIT_CONVERSION = YES;
				GCC_WARN_ABOUT_RETURN_TYPE = YES_ERROR;
				GCC_WARN_UNDECLARED_SELECTOR = YES;
				GCC_WARN_UNINITIALIZED_AUTOS = YES_AGGRESSIVE;
				GCC_WARN_UNUSED_FUNCTION = YES;
				GCC_WARN_UNUSED_VARIABLE = YES;
				MTL_ENABLE_DEBUG_INFO = NO;
				MTL_FAST_MATH = YES;
				SWIFT_COMPILATION_MODE = wholemodule;
				SWIFT_OPTIMIZATION_LEVEL = "-O";
			};
			name = Release;
		};
		7AB9365B288AF3A2003F1842 /* Debug */ = {
			isa = XCBuildConfiguration;
			buildSettings = {
				ASSETCATALOG_COMPILER_APPICON_NAME = AppIcon;
				ASSETCATALOG_COMPILER_GLOBAL_ACCENT_COLOR_NAME = AccentColor;
				CODE_SIGN_STYLE = Automatic;
				CURRENT_PROJECT_VERSION = 1;
				DEVELOPMENT_TEAM = 679CMUJHT5;
				ENABLE_PREVIEWS = YES;
				GENERATE_INFOPLIST_FILE = YES;
				INFOPLIST_KEY_UIApplicationSceneManifest_Generation = YES;
				INFOPLIST_KEY_UIApplicationSupportsIndirectInputEvents = YES;
				INFOPLIST_KEY_UILaunchScreen_Generation = YES;
				INFOPLIST_KEY_UISupportedInterfaceOrientations_iPad = "UIInterfaceOrientationPortrait UIInterfaceOrientationPortraitUpsideDown UIInterfaceOrientationLandscapeLeft UIInterfaceOrientationLandscapeRight";
				INFOPLIST_KEY_UISupportedInterfaceOrientations_iPhone = "UIInterfaceOrientationPortrait UIInterfaceOrientationLandscapeLeft UIInterfaceOrientationLandscapeRight";
				IPHONEOS_DEPLOYMENT_TARGET = 15.4;
				LD_RUNPATH_SEARCH_PATHS = (
					"$(inherited)",
					"@executable_path/Frameworks",
				);
				MARKETING_VERSION = 1.0;
				PRODUCT_BUNDLE_IDENTIFIER = "Jiaxiang-Li.ZhaoCi";
				PRODUCT_NAME = ZhaoCi;
				SDKROOT = iphoneos;
				SWIFT_EMIT_LOC_STRINGS = YES;
				SWIFT_VERSION = 5.0;
				TARGETED_DEVICE_FAMILY = "1,2";
			};
			name = Debug;
		};
		7AB9365C288AF3A2003F1842 /* Release */ = {
			isa = XCBuildConfiguration;
			buildSettings = {
				ASSETCATALOG_COMPILER_APPICON_NAME = AppIcon;
				ASSETCATALOG_COMPILER_GLOBAL_ACCENT_COLOR_NAME = AccentColor;
				CODE_SIGN_STYLE = Automatic;
				CURRENT_PROJECT_VERSION = 1;
				DEVELOPMENT_TEAM = 679CMUJHT5;
				ENABLE_PREVIEWS = YES;
				GENERATE_INFOPLIST_FILE = YES;
				INFOPLIST_KEY_UIApplicationSceneManifest_Generation = YES;
				INFOPLIST_KEY_UIApplicationSupportsIndirectInputEvents = YES;
				INFOPLIST_KEY_UILaunchScreen_Generation = YES;
				INFOPLIST_KEY_UISupportedInterfaceOrientations_iPad = "UIInterfaceOrientationPortrait UIInterfaceOrientationPortraitUpsideDown UIInterfaceOrientationLandscapeLeft UIInterfaceOrientationLandscapeRight";
				INFOPLIST_KEY_UISupportedInterfaceOrientations_iPhone = "UIInterfaceOrientationPortrait UIInterfaceOrientationLandscapeLeft UIInterfaceOrientationLandscapeRight";
				IPHONEOS_DEPLOYMENT_TARGET = 15.4;
				LD_RUNPATH_SEARCH_PATHS = (
					"$(inherited)",
					"@executable_path/Frameworks",
				);
				MARKETING_VERSION = 1.0;
				PRODUCT_BUNDLE_IDENTIFIER = "Jiaxiang-Li.ZhaoCi";
				PRODUCT_NAME = ZhaoCi;
				SDKROOT = iphoneos;
				SWIFT_EMIT_LOC_STRINGS = YES;
				SWIFT_VERSION = 5.0;
				TARGETED_DEVICE_FAMILY = "1,2";
				VALIDATE_PRODUCT = YES;
			};
			name = Release;
		};
		7AB9365E288AF3A2003F1842 /* Debug */ = {
			isa = XCBuildConfiguration;
			buildSettings = {
				ASSETCATALOG_COMPILER_APPICON_NAME = AppIcon;
				ASSETCATALOG_COMPILER_GLOBAL_ACCENT_COLOR_NAME = AccentColor;
				CODE_SIGN_ENTITLEMENTS = macOS/macOS.entitlements;
				CODE_SIGN_STYLE = Automatic;
				COMBINE_HIDPI_IMAGES = YES;
				CURRENT_PROJECT_VERSION = 1;
				DEVELOPMENT_TEAM = 679CMUJHT5;
				ENABLE_HARDENED_RUNTIME = YES;
				ENABLE_PREVIEWS = YES;
				GENERATE_INFOPLIST_FILE = YES;
				INFOPLIST_KEY_NSHumanReadableCopyright = "";
				LD_RUNPATH_SEARCH_PATHS = (
					"$(inherited)",
					"@executable_path/../Frameworks",
				);
				MACOSX_DEPLOYMENT_TARGET = 12.3;
				MARKETING_VERSION = 1.0;
				PRODUCT_BUNDLE_IDENTIFIER = "Jiaxiang-Li.ZhaoCi";
				PRODUCT_NAME = ZhaoCi;
				SDKROOT = macosx;
				SWIFT_EMIT_LOC_STRINGS = YES;
				SWIFT_VERSION = 5.0;
			};
			name = Debug;
		};
		7AB9365F288AF3A2003F1842 /* Release */ = {
			isa = XCBuildConfiguration;
			buildSettings = {
				ASSETCATALOG_COMPILER_APPICON_NAME = AppIcon;
				ASSETCATALOG_COMPILER_GLOBAL_ACCENT_COLOR_NAME = AccentColor;
				CODE_SIGN_ENTITLEMENTS = macOS/macOS.entitlements;
				CODE_SIGN_STYLE = Automatic;
				COMBINE_HIDPI_IMAGES = YES;
				CURRENT_PROJECT_VERSION = 1;
				DEVELOPMENT_TEAM = 679CMUJHT5;
				ENABLE_HARDENED_RUNTIME = YES;
				ENABLE_PREVIEWS = YES;
				GENERATE_INFOPLIST_FILE = YES;
				INFOPLIST_KEY_NSHumanReadableCopyright = "";
				LD_RUNPATH_SEARCH_PATHS = (
					"$(inherited)",
					"@executable_path/../Frameworks",
				);
				MACOSX_DEPLOYMENT_TARGET = 12.3;
				MARKETING_VERSION = 1.0;
				PRODUCT_BUNDLE_IDENTIFIER = "Jiaxiang-Li.ZhaoCi";
				PRODUCT_NAME = ZhaoCi;
				SDKROOT = macosx;
				SWIFT_EMIT_LOC_STRINGS = YES;
				SWIFT_VERSION = 5.0;
			};
			name = Release;
		};
		7AB93661288AF3A2003F1842 /* Debug */ = {
			isa = XCBuildConfiguration;
			buildSettings = {
				ALWAYS_EMBED_SWIFT_STANDARD_LIBRARIES = YES;
				CODE_SIGN_STYLE = Automatic;
				CURRENT_PROJECT_VERSION = 1;
				DEVELOPMENT_TEAM = 679CMUJHT5;
				GENERATE_INFOPLIST_FILE = YES;
				IPHONEOS_DEPLOYMENT_TARGET = 15.4;
				MARKETING_VERSION = 1.0;
				PRODUCT_BUNDLE_IDENTIFIER = "Jiaxiang-Li.Tests-iOS";
				PRODUCT_NAME = "$(TARGET_NAME)";
				SDKROOT = iphoneos;
				SWIFT_EMIT_LOC_STRINGS = NO;
				SWIFT_VERSION = 5.0;
				TARGETED_DEVICE_FAMILY = "1,2";
				TEST_TARGET_NAME = "ZhaoCi (iOS)";
			};
			name = Debug;
		};
		7AB93662288AF3A2003F1842 /* Release */ = {
			isa = XCBuildConfiguration;
			buildSettings = {
				ALWAYS_EMBED_SWIFT_STANDARD_LIBRARIES = YES;
				CODE_SIGN_STYLE = Automatic;
				CURRENT_PROJECT_VERSION = 1;
				DEVELOPMENT_TEAM = 679CMUJHT5;
				GENERATE_INFOPLIST_FILE = YES;
				IPHONEOS_DEPLOYMENT_TARGET = 15.4;
				MARKETING_VERSION = 1.0;
				PRODUCT_BUNDLE_IDENTIFIER = "Jiaxiang-Li.Tests-iOS";
				PRODUCT_NAME = "$(TARGET_NAME)";
				SDKROOT = iphoneos;
				SWIFT_EMIT_LOC_STRINGS = NO;
				SWIFT_VERSION = 5.0;
				TARGETED_DEVICE_FAMILY = "1,2";
				TEST_TARGET_NAME = "ZhaoCi (iOS)";
				VALIDATE_PRODUCT = YES;
			};
			name = Release;
		};
		7AB93664288AF3A2003F1842 /* Debug */ = {
			isa = XCBuildConfiguration;
			buildSettings = {
				ALWAYS_EMBED_SWIFT_STANDARD_LIBRARIES = YES;
				CODE_SIGN_STYLE = Automatic;
				CURRENT_PROJECT_VERSION = 1;
				DEVELOPMENT_TEAM = 679CMUJHT5;
				GENERATE_INFOPLIST_FILE = YES;
				MACOSX_DEPLOYMENT_TARGET = 12.3;
				MARKETING_VERSION = 1.0;
				PRODUCT_BUNDLE_IDENTIFIER = "Jiaxiang-Li.Tests-macOS";
				PRODUCT_NAME = "$(TARGET_NAME)";
				SDKROOT = macosx;
				SWIFT_EMIT_LOC_STRINGS = NO;
				SWIFT_VERSION = 5.0;
				TEST_TARGET_NAME = "ZhaoCi (macOS)";
			};
			name = Debug;
		};
		7AB93665288AF3A2003F1842 /* Release */ = {
			isa = XCBuildConfiguration;
			buildSettings = {
				ALWAYS_EMBED_SWIFT_STANDARD_LIBRARIES = YES;
				CODE_SIGN_STYLE = Automatic;
				CURRENT_PROJECT_VERSION = 1;
				DEVELOPMENT_TEAM = 679CMUJHT5;
				GENERATE_INFOPLIST_FILE = YES;
				MACOSX_DEPLOYMENT_TARGET = 12.3;
				MARKETING_VERSION = 1.0;
				PRODUCT_BUNDLE_IDENTIFIER = "Jiaxiang-Li.Tests-macOS";
				PRODUCT_NAME = "$(TARGET_NAME)";
				SDKROOT = macosx;
				SWIFT_EMIT_LOC_STRINGS = NO;
				SWIFT_VERSION = 5.0;
				TEST_TARGET_NAME = "ZhaoCi (macOS)";
			};
			name = Release;
		};
/* End XCBuildConfiguration section */

/* Begin XCConfigurationList section */
		7AB93628288AF39C003F1842 /* Build configuration list for PBXProject "ZhaoCi" */ = {
			isa = XCConfigurationList;
			buildConfigurations = (
				7AB93658288AF3A2003F1842 /* Debug */,
				7AB93659288AF3A2003F1842 /* Release */,
			);
			defaultConfigurationIsVisible = 0;
			defaultConfigurationName = Release;
		};
		7AB9365A288AF3A2003F1842 /* Build configuration list for PBXNativeTarget "ZhaoCi (iOS)" */ = {
			isa = XCConfigurationList;
			buildConfigurations = (
				7AB9365B288AF3A2003F1842 /* Debug */,
				7AB9365C288AF3A2003F1842 /* Release */,
			);
			defaultConfigurationIsVisible = 0;
			defaultConfigurationName = Release;
		};
		7AB9365D288AF3A2003F1842 /* Build configuration list for PBXNativeTarget "ZhaoCi (macOS)" */ = {
			isa = XCConfigurationList;
			buildConfigurations = (
				7AB9365E288AF3A2003F1842 /* Debug */,
				7AB9365F288AF3A2003F1842 /* Release */,
			);
			defaultConfigurationIsVisible = 0;
			defaultConfigurationName = Release;
		};
		7AB93660288AF3A2003F1842 /* Build configuration list for PBXNativeTarget "Tests iOS" */ = {
			isa = XCConfigurationList;
			buildConfigurations = (
				7AB93661288AF3A2003F1842 /* Debug */,
				7AB93662288AF3A2003F1842 /* Release */,
			);
			defaultConfigurationIsVisible = 0;
			defaultConfigurationName = Release;
		};
		7AB93663288AF3A2003F1842 /* Build configuration list for PBXNativeTarget "Tests macOS" */ = {
			isa = XCConfigurationList;
			buildConfigurations = (
				7AB93664288AF3A2003F1842 /* Debug */,
				7AB93665288AF3A2003F1842 /* Release */,
			);
			defaultConfigurationIsVisible = 0;
			defaultConfigurationName = Release;
		};
/* End XCConfigurationList section */

/* Begin XCRemoteSwiftPackageReference section */
		7AB413FF289277A7008680C5 /* XCRemoteSwiftPackageReference "ink" */ = {
			isa = XCRemoteSwiftPackageReference;
			repositoryURL = "https://github.com/johnsundell/ink.git";
			requirement = {
				kind = upToNextMajorVersion;
				minimumVersion = 0.5.1;
			};
		};
/* End XCRemoteSwiftPackageReference section */

/* Begin XCSwiftPackageProductDependency section */
		7AB41400289277A7008680C5 /* Ink */ = {
			isa = XCSwiftPackageProductDependency;
			package = 7AB413FF289277A7008680C5 /* XCRemoteSwiftPackageReference "ink" */;
			productName = Ink;
		};
		7AB41403289277C8008680C5 /* Ink */ = {
			isa = XCSwiftPackageProductDependency;
			package = 7AB413FF289277A7008680C5 /* XCRemoteSwiftPackageReference "ink" */;
			productName = Ink;
		};
/* End XCSwiftPackageProductDependency section */
	};
	rootObject = 7AB93625288AF39C003F1842 /* Project object */;
}
